
Microsoft Visual Studio Solution File, Format Version 12.00
# Visual Studio Version 17
VisualStudioVersion = 17.8.34330.188
MinimumVisualStudioVersion = 10.0.40219.1
Project("{9A19103F-16F7-4668-BE54-9A1E7A4F7556}") = "Mituzsuki.ConsoleUtilities", "Mituzsuki ConsoleUtilities\Mituzsuki.ConsoleUtilities.csproj", "{131DE647-9C48-41A2-B435-C57D2AC773B5}"
EndProject
Global
	GlobalSection(SolutionConfigurationPlatforms) = preSolution
		Debug|Any CPU = Debug|Any CPU
		Release|Any CPU = Release|Any CPU
	EndGlobalSection
	GlobalSection(ProjectConfigurationPlatforms) = postSolution
		{131DE647-9C48-41A2-B435-C57D2AC773B5}.Debug|Any CPU.ActiveCfg = Debug|Any CPU
		{131DE647-9C48-41A2-B435-C57D2AC773B5}.Debug|Any CPU.Build.0 = Debug|Any CPU
		{131DE647-9C48-41A2-B435-C57D2AC773B5}.Release|Any CPU.ActiveCfg = Release|Any CPU
		{131DE647-9C48-41A2-B435-C57D2AC773B5}.Release|Any CPU.Build.0 = Release|Any CPU
	EndGlobalSection
	GlobalSection(SolutionProperties) = preSolution
		HideSolutionNode = FALSE
	EndGlobalSection
	GlobalSection(ExtensibilityGlobals) = postSolution
		SolutionGuid = {FD50F266-9A85-4936-A879-87F05BA861B0}
	EndGlobalSection
EndGlobal
